{
  "lockfileVersion": 1,
  "workspaces": {
    "": {
      "name": "supermarket-rest-api",
      "dependencies": {
        "mongodb": "^6.14.2",
      },
      "devDependencies": {
        "openapi-typescript": "^6.7.5",
        "openapi-typescript-fetch": "^1.1.3",
        "typescript": "^5.0.0",
      },
    },
  },
  "packages": {
    "@fastify/busboy": ["@fastify/busboy@2.1.1", "", {}, "sha512-vBZP4NlzfOlerQTnba4aqZoMhE/a9HY7HRqoOPaETQcSQuWEIyZMHGfVu6w9wGtGK5fED5qRs2DteVCjOH60sA=="],

    "@mongodb-js/saslprep": ["@mongodb-js/saslprep@1.2.0", "", { "dependencies": { "sparse-bitfield": "^3.0.3" } }, "sha512-+ywrb0AqkfaYuhHs6LxKWgqbh3I72EpEgESCw37o+9qPx9WTCkgDm2B+eMrwehGtHBWHFU4GXvnSCNiFhhausg=="],

    "@nodelib/fs.scandir": ["@nodelib/fs.scandir@2.1.5", "", { "dependencies": { "@nodelib/fs.stat": "2.0.5", "run-parallel": "^1.1.9" } }, "sha512-vq24Bq3ym5HEQm2NKCr3yXDwjc7vTsEThRDnkp2DK9p1uqLR+DHurm/NOTo0KG7HYHU7eppKZj3MyqYuMBf62g=="],

    "@nodelib/fs.stat": ["@nodelib/fs.stat@2.0.5", "", {}, "sha512-RkhPPp2zrqDAQA/2jNhnztcPAlv64XdhIp7a7454A5ovI7Bukxgt7MX7udwAu3zg1DcpPU0rz3VV1SeaqvY4+A=="],

    "@nodelib/fs.walk": ["@nodelib/fs.walk@1.2.8", "", { "dependencies": { "@nodelib/fs.scandir": "2.1.5", "fastq": "^1.6.0" } }, "sha512-oGB+UxlgWcgQkgwo8GcEGwemoTFt3FIO9ababBmaGwXIoBKZ+GTy0pP185beGg7Llih/NSHSV2XAs1lnznocSg=="],

    "@types/webidl-conversions": ["@types/webidl-conversions@7.0.3", "", {}, "sha512-CiJJvcRtIgzadHCYXw7dqEnMNRjhGZlYK05Mj9OyktqV8uVT8fD2BFOB7S1uwBE3Kj2Z+4UyPmFw/Ixgw/LAlA=="],

    "@types/whatwg-url": ["@types/whatwg-url@11.0.5", "", { "dependencies": { "@types/webidl-conversions": "*" } }, "sha512-coYR071JRaHa+xoEvvYqvnIHaVqaYrLPbsufM9BF63HkwI5Lgmy2QR8Q5K/lYDYo5AK82wOvSOS0UsLTpTG7uQ=="],

    "ansi-colors": ["ansi-colors@4.1.3", "", {}, "sha512-/6w/C21Pm1A7aZitlI5Ni/2J6FFQN8i1Cvz3kHABAAbw93v/NlvKdVOqz7CCWz/3iv/JplRSEEZ83XION15ovw=="],

    "argparse": ["argparse@2.0.1", "", {}, "sha512-8+9WqebbFzpX9OR+Wa6O29asIogeRMzcGtAINdpMHHyAg10f05aSFVBbcEqGf/PXw1EjAZ+q2/bEBg3DvurK3Q=="],

    "braces": ["braces@3.0.3", "", { "dependencies": { "fill-range": "^7.1.1" } }, "sha512-yQbXgO/OSZVD2IsiLlro+7Hf6Q18EJrKSEsdoMzKePKXct3gvD8oLcOQdIzGupr5Fj+EDe8gO/lxc1BzfMpxvA=="],

    "bson": ["bson@6.10.3", "", {}, "sha512-MTxGsqgYTwfshYWTRdmZRC+M7FnG1b4y7RO7p2k3X24Wq0yv1m77Wsj0BzlPzd/IowgESfsruQCUToa7vbOpPQ=="],

    "fast-glob": ["fast-glob@3.3.3", "", { "dependencies": { "@nodelib/fs.stat": "^2.0.2", "@nodelib/fs.walk": "^1.2.3", "glob-parent": "^5.1.2", "merge2": "^1.3.0", "micromatch": "^4.0.8" } }, "sha512-7MptL8U0cqcFdzIzwOTHoilX9x5BrNqye7Z/LuC7kCMRio1EMSyqRK3BEAUD7sXRq4iT4AzTVuZdhgQ2TCvYLg=="],

    "fastq": ["fastq@1.19.1", "", { "dependencies": { "reusify": "^1.0.4" } }, "sha512-GwLTyxkCXjXbxqIhTsMI2Nui8huMPtnxg7krajPJAjnEG/iiOS7i+zCtWGZR9G0NBKbXKh6X9m9UIsYX/N6vvQ=="],

    "fill-range": ["fill-range@7.1.1", "", { "dependencies": { "to-regex-range": "^5.0.1" } }, "sha512-YsGpe3WHLK8ZYi4tWDg2Jy3ebRz2rXowDxnld4bkQB00cc/1Zw9AWnC0i9ztDJitivtQvaI9KaLyKrc+hBW0yg=="],

    "glob-parent": ["glob-parent@5.1.2", "", { "dependencies": { "is-glob": "^4.0.1" } }, "sha512-AOIgSQCepiJYwP3ARnGx+5VnTu2HBYdzbGP45eLw1vr3zB3vZLeyed1sC9hnbcOc9/SrMyM5RPQrkGz4aS9Zow=="],

    "is-extglob": ["is-extglob@2.1.1", "", {}, "sha512-SbKbANkN603Vi4jEZv49LeVJMn4yGwsbzZworEoyEiutsN3nJYdbO36zfhGJ6QEDpOZIFkDtnq5JRxmvl3jsoQ=="],

    "is-glob": ["is-glob@4.0.3", "", { "dependencies": { "is-extglob": "^2.1.1" } }, "sha512-xelSayHH36ZgE7ZWhli7pW34hNbNl8Ojv5KVmkJD4hBdD3th8Tfk9vYasLM+mXWOZhFkgZfxhLSnrwRr4elSSg=="],

    "is-number": ["is-number@7.0.0", "", {}, "sha512-41Cifkg6e8TylSpdtTpeLVMqvSBEVzTttHvERD741+pnZ8ANv0004MRL43QKPDlK9cGvNp6NZWZUBlbGXYxxng=="],

    "js-yaml": ["js-yaml@4.1.0", "", { "dependencies": { "argparse": "^2.0.1" }, "bin": { "js-yaml": "bin/js-yaml.js" } }, "sha512-wpxZs9NoxZaJESJGIZTyDEaYpl0FKSA+FB9aJiyemKhMwkxQg63h4T1KJgUGHpTqPDNRcmmYLugrRjJlBtWvRA=="],

    "memory-pager": ["memory-pager@1.5.0", "", {}, "sha512-ZS4Bp4r/Zoeq6+NLJpP+0Zzm0pR8whtGPf1XExKLJBAczGMnSi3It14OiNCStjQjM6NU1okjQGSxgEZN8eBYKg=="],

    "merge2": ["merge2@1.4.1", "", {}, "sha512-8q7VEgMJW4J8tcfVPy8g09NcQwZdbwFEqhe/WZkoIzjn/3TGDwtOCYtXGxA3O8tPzpczCCDgv+P2P5y00ZJOOg=="],

    "micromatch": ["micromatch@4.0.8", "", { "dependencies": { "braces": "^3.0.3", "picomatch": "^2.3.1" } }, "sha512-PXwfBhYu0hBCPw8Dn0E+WDYb7af3dSLVWKi3HGv84IdF4TyFoC0ysxFd0Goxw7nSv4T/PzEJQxsYsEiFCKo2BA=="],

    "mongodb": ["mongodb@6.14.2", "", { "dependencies": { "@mongodb-js/saslprep": "^1.1.9", "bson": "^6.10.3", "mongodb-connection-string-url": "^3.0.0" }, "peerDependencies": { "@aws-sdk/credential-providers": "^3.188.0", "@mongodb-js/zstd": "^1.1.0 || ^2.0.0", "gcp-metadata": "^5.2.0", "kerberos": "^2.0.1", "mongodb-client-encryption": ">=6.0.0 <7", "snappy": "^7.2.2", "socks": "^2.7.1" }, "optionalPeers": ["@aws-sdk/credential-providers", "@mongodb-js/zstd", "gcp-metadata", "kerberos", "mongodb-client-encryption", "snappy", "socks"] }, "sha512-kMEHNo0F3P6QKDq17zcDuPeaywK/YaJVCEQRzPF3TOM/Bl9MFg64YE5Tu7ifj37qZJMhwU1tl2Ioivws5gRG5Q=="],

    "mongodb-connection-string-url": ["mongodb-connection-string-url@3.0.2", "", { "dependencies": { "@types/whatwg-url": "^11.0.2", "whatwg-url": "^14.1.0 || ^13.0.0" } }, "sha512-rMO7CGo/9BFwyZABcKAWL8UJwH/Kc2x0g72uhDWzG48URRax5TCIcJ7Rc3RZqffZzO/Gwff/jyKwCU9TN8gehA=="],

    "openapi-typescript": ["openapi-typescript@6.7.6", "", { "dependencies": { "ansi-colors": "^4.1.3", "fast-glob": "^3.3.2", "js-yaml": "^4.1.0", "supports-color": "^9.4.0", "undici": "^5.28.4", "yargs-parser": "^21.1.1" }, "bin": { "openapi-typescript": "bin/cli.js" } }, "sha512-c/hfooPx+RBIOPM09GSxABOZhYPblDoyaGhqBkD/59vtpN21jEuWKDlM0KYTvqJVlSYjKs0tBcIdeXKChlSPtw=="],

    "openapi-typescript-fetch": ["openapi-typescript-fetch@1.1.3", "", {}, "sha512-smLZPck4OkKMNExcw8jMgrMOGgVGx2N/s6DbKL2ftNl77g5HfoGpZGFy79RBzU/EkaO0OZpwBnslfdBfh7ZcWg=="],

    "picomatch": ["picomatch@2.3.1", "", {}, "sha512-JU3teHTNjmE2VCGFzuY8EXzCDVwEqB2a8fsIvwaStHhAWJEeVd1o1QD80CU6+ZdEXXSLbSsuLwJjkCBWqRQUVA=="],

    "punycode": ["punycode@2.3.1", "", {}, "sha512-vYt7UD1U9Wg6138shLtLOvdAu+8DsC/ilFtEVHcH+wydcSpNE20AfSOduf6MkRFahL5FY7X1oU7nKVZFtfq8Fg=="],

    "queue-microtask": ["queue-microtask@1.2.3", "", {}, "sha512-NuaNSa6flKT5JaSYQzJok04JzTL1CA6aGhv5rfLW3PgqA+M2ChpZQnAC8h8i4ZFkBS8X5RqkDBHA7r4hej3K9A=="],

    "reusify": ["reusify@1.1.0", "", {}, "sha512-g6QUff04oZpHs0eG5p83rFLhHeV00ug/Yf9nZM6fLeUrPguBTkTQOdpAWWspMh55TZfVQDPaN3NQJfbVRAxdIw=="],

    "run-parallel": ["run-parallel@1.2.0", "", { "dependencies": { "queue-microtask": "^1.2.2" } }, "sha512-5l4VyZR86LZ/lDxZTR6jqL8AFE2S0IFLMP26AbjsLVADxHdhB/c0GUsH+y39UfCi3dzz8OlQuPmnaJOMoDHQBA=="],

    "sparse-bitfield": ["sparse-bitfield@3.0.3", "", { "dependencies": { "memory-pager": "^1.0.2" } }, "sha512-kvzhi7vqKTfkh0PZU+2D2PIllw2ymqJKujUcyPMd9Y75Nv4nPbGJZXNhxsgdQab2BmlDct1YnfQCguEvHr7VsQ=="],

    "supports-color": ["supports-color@9.4.0", "", {}, "sha512-VL+lNrEoIXww1coLPOmiEmK/0sGigko5COxI09KzHc2VJXJsQ37UaQ+8quuxjDeA7+KnLGTWRyOXSLLR2Wb4jw=="],

    "to-regex-range": ["to-regex-range@5.0.1", "", { "dependencies": { "is-number": "^7.0.0" } }, "sha512-65P7iz6X5yEr1cwcgvQxbbIw7Uk3gOy5dIdtZ4rDveLqhrdJP+Li/Hx6tyK0NEb+2GCyneCMJiGqrADCSNk8sQ=="],

    "tr46": ["tr46@5.1.0", "", { "dependencies": { "punycode": "^2.3.1" } }, "sha512-IUWnUK7ADYR5Sl1fZlO1INDUhVhatWl7BtJWsIhwJ0UAK7ilzzIa8uIqOO/aYVWHZPJkKbEL+362wrzoeRF7bw=="],

    "typescript": ["typescript@5.8.2", "", { "bin": { "tsc": "bin/tsc", "tsserver": "bin/tsserver" } }, "sha512-aJn6wq13/afZp/jT9QZmwEjDqqvSGp1VT5GVg+f/t6/oVyrgXM6BY1h9BRh/O5p3PlUPAe+WuiEZOmb/49RqoQ=="],

    "undici": ["undici@5.28.5", "", { "dependencies": { "@fastify/busboy": "^2.0.0" } }, "sha512-zICwjrDrcrUE0pyyJc1I2QzBkLM8FINsgOrt6WjA+BgajVq9Nxu2PbFFXUrAggLfDXlZGZBVZYw7WNV5KiBiBA=="],

    "webidl-conversions": ["webidl-conversions@7.0.0", "", {}, "sha512-VwddBukDzu71offAQR975unBIGqfKZpM+8ZX6ySk8nYhVoo5CYaZyzt3YBvYtRtO+aoGlqxPg/B87NGVZ/fu6g=="],

    "whatwg-url": ["whatwg-url@14.2.0", "", { "dependencies": { "tr46": "^5.1.0", "webidl-conversions": "^7.0.0" } }, "sha512-De72GdQZzNTUBBChsXueQUnPKDkg/5A5zp7pFDuQAj5UFoENpiACU0wlCvzpAGnTkj++ihpKwKyYewn/XNUbKw=="],

    "yargs-parser": ["yargs-parser@21.1.1", "", {}, "sha512-tVpsJW7DdjecAiFpbIB1e3qxIQsE6NoPc5/eTdrbbIC4h0LVsWhnoa3g+m2HclBIujHzsxZ4VJVA+GUuc2/LBw=="],
  }
}
